
Microsoft Visual Studio Solution File, Format Version 12.00
# Visual Studio Version 17
VisualStudioVersion = 17.7.34031.279
MinimumVisualStudioVersion = 10.0.40219.1
Project("{FAE04EC0-301F-11D3-BF4B-00C04F79EFBC}") = "DeliveryOrder", "DeliveryOrder\DeliveryOrder.csproj", "{3F377B04-86D0-45AC-B493-FC7B58628D5B}"
EndProject
Global
	GlobalSection(SolutionConfigurationPlatforms) = preSolution
		Debug|Any CPU = Debug|Any CPU
		Release|Any CPU = Release|Any CPU
	EndGlobalSection
	GlobalSection(ProjectConfigurationPlatforms) = postSolution
		{3F377B04-86D0-45AC-B493-FC7B58628D5B}.Debug|Any CPU.ActiveCfg = Debug|Any CPU
		{3F377B04-86D0-45AC-B493-FC7B58628D5B}.Debug|Any CPU.Build.0 = Debug|Any CPU
		{3F377B04-86D0-45AC-B493-FC7B58628D5B}.Release|Any CPU.ActiveCfg = Release|Any CPU
		{3F377B04-86D0-45AC-B493-FC7B58628D5B}.Release|Any CPU.Build.0 = Release|Any CPU
	EndGlobalSection
	GlobalSection(SolutionProperties) = preSolution
		HideSolutionNode = FALSE
	EndGlobalSection
	GlobalSection(ExtensibilityGlobals) = postSolution
		SolutionGuid = {73F0C615-0FBC-470D-A6C8-4A8CF49728B4}
	EndGlobalSection
EndGlobal
